// !$*UTF8*$!
{
	archiveVersion = 1;
	classes = {
	};
	objectVersion = 54;
	objects = {

/* Begin PBXBuildFile section */
		BC7BF00620644D8700C1ECC2 /* SetupScene.sks in Resources */ = {isa = PBXBuildFile; fileRef = BC7BF00520644D8700C1ECC2 /* SetupScene.sks */; };
		BC7BF00820644DB200C1ECC2 /* SetupScene.swift in Sources */ = {isa = PBXBuildFile; fileRef = BC7BF00720644DB200C1ECC2 /* SetupScene.swift */; };
		BC7BF00B20645F8100C1ECC2 /* DP_soundtrack.mp3 in Resources */ = {isa = PBXBuildFile; fileRef = BC7BF00A20645F8000C1ECC2 /* DP_soundtrack.mp3 */; };
		BC8615BB206C1C5500537DA0 /* OptionsScene.sks in Resources */ = {isa = PBXBuildFile; fileRef = BC8615BA206C1C5500537DA0 /* OptionsScene.sks */; };
		BC8615BD206C1C7B00537DA0 /* OptionsScene.swift in Sources */ = {isa = PBXBuildFile; fileRef = BC8615BC206C1C7B00537DA0 /* OptionsScene.swift */; };
		BC8615C0206C1EA700537DA0 /* CreditsScene.swift in Sources */ = {isa = PBXBuildFile; fileRef = BC8615BF206C1EA700537DA0 /* CreditsScene.swift */; };
		BC8615C2206C1EDD00537DA0 /* CreditsScene.sks in Resources */ = {isa = PBXBuildFile; fileRef = BC8615C1206C1EDD00537DA0 /* CreditsScene.sks */; };
		BC91788B200037FD000AF31C /* AppDelegate.swift in Sources */ = {isa = PBXBuildFile; fileRef = BC91788A200037FD000AF31C /* AppDelegate.swift */; };
		BC917893200037FD000AF31C /* GameViewController.swift in Sources */ = {isa = PBXBuildFile; fileRef = BC917892200037FD000AF31C /* GameViewController.swift */; };
		BC917896200037FD000AF31C /* Main.storyboard in Resources */ = {isa = PBXBuildFile; fileRef = BC917894200037FD000AF31C /* Main.storyboard */; };
		BC91789B200037FD000AF31C /* LaunchScreen.storyboard in Resources */ = {isa = PBXBuildFile; fileRef = BC917899200037FD000AF31C /* LaunchScreen.storyboard */; };
		BCA3D33C20E51B190058255E /* GoalsScene.swift in Sources */ = {isa = PBXBuildFile; fileRef = BCA3D33B20E51B190058255E /* GoalsScene.swift */; };
		BCA3D33E20E51B330058255E /* GoalsScene.sks in Resources */ = {isa = PBXBuildFile; fileRef = BCA3D33D20E51B330058255E /* GoalsScene.sks */; };
		BCA3D34120E6D36C0058255E /* MenuScene.sks in Resources */ = {isa = PBXBuildFile; fileRef = BCA3D34020E6D36C0058255E /* MenuScene.sks */; };
		BCC3ED96241558F300FC2558 /* Explosion1.sks in Resources */ = {isa = PBXBuildFile; fileRef = BCC3ED95241558F300FC2558 /* Explosion1.sks */; };
		BCC3ED99241BC68F00FC2558 /* GameOverScene.swift in Sources */ = {isa = PBXBuildFile; fileRef = BCC3ED98241BC68F00FC2558 /* GameOverScene.swift */; };
		BCC3ED9E241C073E00FC2558 /* GameOverScene.sks in Resources */ = {isa = PBXBuildFile; fileRef = BCC3ED9C241BC70500FC2558 /* GameOverScene.sks */; };
		BCDE521220E7FB6E00397BCD /* Assets.xcassets in Resources */ = {isa = PBXBuildFile; fileRef = BCDE521120E7FB6D00397BCD /* Assets.xcassets */; };
		BCDE521420E7FC5A00397BCD /* boldp.ttf in Resources */ = {isa = PBXBuildFile; fileRef = BCDE521320E7FC5A00397BCD /* boldp.ttf */; };
		BCF1400A2083F8AA0031D4F3 /* Explosion2.sks in Resources */ = {isa = PBXBuildFile; fileRef = BCF140072083F8AA0031D4F3 /* Explosion2.sks */; };
		BCF1400B2083F8AA0031D4F3 /* Starfield.sks in Resources */ = {isa = PBXBuildFile; fileRef = BCF140082083F8AA0031D4F3 /* Starfield.sks */; };
		BCF9F43C200D1D3400A9594E /* MenuScene.swift in Sources */ = {isa = PBXBuildFile; fileRef = BCF9F43B200D1D3400A9594E /* MenuScene.swift */; };
		E88B35F02974CA3000DE3A1D /* GameScene.sks in Resources */ = {isa = PBXBuildFile; fileRef = E88B35EE2974CA3000DE3A1D /* GameScene.sks */; };
		E88B35F12974CA3000DE3A1D /* GameScene.swift in Sources */ = {isa = PBXBuildFile; fileRef = E88B35EF2974CA3000DE3A1D /* GameScene.swift */; };
/* End PBXBuildFile section */

/* Begin PBXFileReference section */
		BC7BF00520644D8700C1ECC2 /* SetupScene.sks */ = {isa = PBXFileReference; lastKnownFileType = file.sks; path = SetupScene.sks; sourceTree = "<group>"; };
		BC7BF00720644DB200C1ECC2 /* SetupScene.swift */ = {isa = PBXFileReference; lastKnownFileType = sourcecode.swift; path = SetupScene.swift; sourceTree = "<group>"; };
		BC7BF00A20645F8000C1ECC2 /* DP_soundtrack.mp3 */ = {isa = PBXFileReference; lastKnownFileType = audio.mp3; path = DP_soundtrack.mp3; sourceTree = "<group>"; };
		BC8615BA206C1C5500537DA0 /* OptionsScene.sks */ = {isa = PBXFileReference; lastKnownFileType = file.sks; path = OptionsScene.sks; sourceTree = "<group>"; };
		BC8615BC206C1C7B00537DA0 /* OptionsScene.swift */ = {isa = PBXFileReference; lastKnownFileType = sourcecode.swift; path = OptionsScene.swift; sourceTree = "<group>"; };
		BC8615BF206C1EA700537DA0 /* CreditsScene.swift */ = {isa = PBXFileReference; lastKnownFileType = sourcecode.swift; path = CreditsScene.swift; sourceTree = "<group>"; };
		BC8615C1206C1EDD00537DA0 /* CreditsScene.sks */ = {isa = PBXFileReference; lastKnownFileType = file.sks; path = CreditsScene.sks; sourceTree = "<group>"; };
		BC917887200037FD000AF31C /* Space Invasion.app */ = {isa = PBXFileReference; explicitFileType = wrapper.application; includeInIndex = 0; path = "Space Invasion.app"; sourceTree = BUILT_PRODUCTS_DIR; };
		BC91788A200037FD000AF31C /* AppDelegate.swift */ = {isa = PBXFileReference; lastKnownFileType = sourcecode.swift; path = AppDelegate.swift; sourceTree = "<group>"; };
		BC917892200037FD000AF31C /* GameViewController.swift */ = {isa = PBXFileReference; lastKnownFileType = sourcecode.swift; path = GameViewController.swift; sourceTree = "<group>"; };
		BC917895200037FD000AF31C /* Base */ = {isa = PBXFileReference; lastKnownFileType = file.storyboard; name = Base; path = Base.lproj/Main.storyboard; sourceTree = "<group>"; };
		BC91789A200037FD000AF31C /* Base */ = {isa = PBXFileReference; lastKnownFileType = file.storyboard; name = Base; path = Base.lproj/LaunchScreen.storyboard; sourceTree = "<group>"; };
		BC91789C200037FD000AF31C /* Info.plist */ = {isa = PBXFileReference; lastKnownFileType = text.plist.xml; path = Info.plist; sourceTree = "<group>"; };
		BCA3D33B20E51B190058255E /* GoalsScene.swift */ = {isa = PBXFileReference; lastKnownFileType = sourcecode.swift; path = GoalsScene.swift; sourceTree = "<group>"; };
		BCA3D33D20E51B330058255E /* GoalsScene.sks */ = {isa = PBXFileReference; lastKnownFileType = file.sks; path = GoalsScene.sks; sourceTree = "<group>"; };
		BCA3D34020E6D36C0058255E /* MenuScene.sks */ = {isa = PBXFileReference; lastKnownFileType = file.sks; path = MenuScene.sks; sourceTree = "<group>"; };
		BCC3ED95241558F300FC2558 /* Explosion1.sks */ = {isa = PBXFileReference; lastKnownFileType = file.sks; path = Explosion1.sks; sourceTree = "<group>"; };
		BCC3ED98241BC68F00FC2558 /* GameOverScene.swift */ = {isa = PBXFileReference; lastKnownFileType = sourcecode.swift; path = GameOverScene.swift; sourceTree = "<group>"; };
		BCC3ED9C241BC70500FC2558 /* GameOverScene.sks */ = {isa = PBXFileReference; lastKnownFileType = file.sks; path = GameOverScene.sks; sourceTree = "<group>"; };
		BCDE521120E7FB6D00397BCD /* Assets.xcassets */ = {isa = PBXFileReference; lastKnownFileType = folder.assetcatalog; path = Assets.xcassets; sourceTree = "<group>"; };
		BCDE521320E7FC5A00397BCD /* boldp.ttf */ = {isa = PBXFileReference; lastKnownFileType = file; path = boldp.ttf; sourceTree = "<group>"; };
		BCF140072083F8AA0031D4F3 /* Explosion2.sks */ = {isa = PBXFileReference; lastKnownFileType = file.sks; path = Explosion2.sks; sourceTree = "<group>"; };
		BCF140082083F8AA0031D4F3 /* Starfield.sks */ = {isa = PBXFileReference; lastKnownFileType = file.sks; path = Starfield.sks; sourceTree = "<group>"; };
		BCF9F43B200D1D3400A9594E /* MenuScene.swift */ = {isa = PBXFileReference; lastKnownFileType = sourcecode.swift; path = MenuScene.swift; sourceTree = "<group>"; };
		E88B35EE2974CA3000DE3A1D /* GameScene.sks */ = {isa = PBXFileReference; lastKnownFileType = file.sks; path = GameScene.sks; sourceTree = "<group>"; };
		E88B35EF2974CA3000DE3A1D /* GameScene.swift */ = {isa = PBXFileReference; fileEncoding = 4; lastKnownFileType = sourcecode.swift; path = GameScene.swift; sourceTree = "<group>"; };
/* End PBXFileReference section */

/* Begin PBXFrameworksBuildPhase section */
		BC917884200037FD000AF31C /* Frameworks */ = {
			isa = PBXFrameworksBuildPhase;
			buildActionMask = 2147483647;
			files = (
			);
			runOnlyForDeploymentPostprocessing = 0;
		};
/* End PBXFrameworksBuildPhase section */

/* Begin PBXGroup section */
		BC7BF00920644DC500C1ECC2 /* Setup */ = {
			isa = PBXGroup;
			children = (
				BC7BF00520644D8700C1ECC2 /* SetupScene.sks */,
				BC7BF00720644DB200C1ECC2 /* SetupScene.swift */,
			);
			path = Setup;
			sourceTree = "<group>";
		};
		BC7BF01020645FA200C1ECC2 /* Sounds */ = {
			isa = PBXGroup;
			children = (
				BC7BF00A20645F8000C1ECC2 /* DP_soundtrack.mp3 */,
			);
			path = Sounds;
			sourceTree = "<group>";
		};
		BC8615BE206C1C8400537DA0 /* Options */ = {
			isa = PBXGroup;
			children = (
				BC8615BA206C1C5500537DA0 /* OptionsScene.sks */,
				BC8615BC206C1C7B00537DA0 /* OptionsScene.swift */,
			);
			path = Options;
			sourceTree = "<group>";
		};
		BC8615C3206C1EE600537DA0 /* Credits */ = {
			isa = PBXGroup;
			children = (
				BC8615C1206C1EDD00537DA0 /* CreditsScene.sks */,
				BC8615BF206C1EA700537DA0 /* CreditsScene.swift */,
			);
			path = Credits;
			sourceTree = "<group>";
		};
		BC91787E200037FD000AF31C = {
			isa = PBXGroup;
			children = (
				BC917889200037FD000AF31C /* Space Invasion */,
				BC917888200037FD000AF31C /* Products */,
			);
			sourceTree = "<group>";
		};
		BC917888200037FD000AF31C /* Products */ = {
			isa = PBXGroup;
			children = (
				BC917887200037FD000AF31C /* Space Invasion.app */,
			);
			name = Products;
			sourceTree = "<group>";
		};
		BC917889200037FD000AF31C /* Space Invasion */ = {
			isa = PBXGroup;
			children = (
				E88B35EC2974C97500DE3A1D /* Core */,
				E88B35ED2974C98400DE3A1D /* Scenes */,
				E88B35EA2974C93400DE3A1D /* Resources */,
			);
			path = "Space Invasion";
			sourceTree = "<group>";
		};
		BCA3D33F20E51B410058255E /* Goals */ = {
			isa = PBXGroup;
			children = (
				BCA3D33D20E51B330058255E /* GoalsScene.sks */,
				BCA3D33B20E51B190058255E /* GoalsScene.swift */,
			);
			path = Goals;
			sourceTree = "<group>";
		};
		BCC3ED97241BC63700FC2558 /* GameOver */ = {
			isa = PBXGroup;
			children = (
				BCC3ED9C241BC70500FC2558 /* GameOverScene.sks */,
				BCC3ED98241BC68F00FC2558 /* GameOverScene.swift */,
			);
			path = GameOver;
			sourceTree = "<group>";
		};
		BCF9F417200AC5F300A9594E /* Emmitters */ = {
			isa = PBXGroup;
			children = (
				BCC3ED95241558F300FC2558 /* Explosion1.sks */,
				BCF140072083F8AA0031D4F3 /* Explosion2.sks */,
				BCF140082083F8AA0031D4F3 /* Starfield.sks */,
			);
			path = Emmitters;
			sourceTree = "<group>";
		};
		BCF9F425200AD4B200A9594E /* Fonts */ = {
			isa = PBXGroup;
			children = (
				BCDE521320E7FC5A00397BCD /* boldp.ttf */,
			);
			path = Fonts;
			sourceTree = "<group>";
		};
		BCF9F43E200D307600A9594E /* Menu */ = {
			isa = PBXGroup;
			children = (
				BCA3D34020E6D36C0058255E /* MenuScene.sks */,
				BCF9F43B200D1D3400A9594E /* MenuScene.swift */,
			);
			path = Menu;
			sourceTree = "<group>";
		};
		BCF9F467200E5DA000A9594E /* Game */ = {
			isa = PBXGroup;
			children = (
				E88B35EE2974CA3000DE3A1D /* GameScene.sks */,
				E88B35EF2974CA3000DE3A1D /* GameScene.swift */,
			);
			path = Game;
			sourceTree = "<group>";
		};
		E88B35EA2974C93400DE3A1D /* Resources */ = {
			isa = PBXGroup;
			children = (
				BC91789C200037FD000AF31C /* Info.plist */,
				BCDE521120E7FB6D00397BCD /* Assets.xcassets */,
				E88B35EB2974C94600DE3A1D /* Storyboards */,
				BCF9F417200AC5F300A9594E /* Emmitters */,
				BCF9F425200AD4B200A9594E /* Fonts */,
				BC7BF01020645FA200C1ECC2 /* Sounds */,
			);
			path = Resources;
			sourceTree = "<group>";
		};
		E88B35EB2974C94600DE3A1D /* Storyboards */ = {
			isa = PBXGroup;
			children = (
				BC917899200037FD000AF31C /* LaunchScreen.storyboard */,
				BC917894200037FD000AF31C /* Main.storyboard */,
			);
			path = Storyboards;
			sourceTree = "<group>";
		};
		E88B35EC2974C97500DE3A1D /* Core */ = {
			isa = PBXGroup;
			children = (
				BC91788A200037FD000AF31C /* AppDelegate.swift */,
				BC917892200037FD000AF31C /* GameViewController.swift */,
			);
			path = Core;
			sourceTree = "<group>";
		};
		E88B35ED2974C98400DE3A1D /* Scenes */ = {
			isa = PBXGroup;
			children = (
				BCF9F43E200D307600A9594E /* Menu */,
				BC8615BE206C1C8400537DA0 /* Options */,
				BC8615C3206C1EE600537DA0 /* Credits */,
				BCA3D33F20E51B410058255E /* Goals */,
				BC7BF00920644DC500C1ECC2 /* Setup */,
				BCF9F467200E5DA000A9594E /* Game */,
				BCC3ED97241BC63700FC2558 /* GameOver */,
			);
			path = Scenes;
			sourceTree = "<group>";
		};
/* End PBXGroup section */

/* Begin PBXNativeTarget section */
		BC917886200037FD000AF31C /* Space Invasion */ = {
			isa = PBXNativeTarget;
			buildConfigurationList = BC91789F200037FD000AF31C /* Build configuration list for PBXNativeTarget "Space Invasion" */;
			buildPhases = (
				BC917883200037FD000AF31C /* Sources */,
				BC917884200037FD000AF31C /* Frameworks */,
				BC917885200037FD000AF31C /* Resources */,
			);
			buildRules = (
			);
			dependencies = (
			);
			name = "Space Invasion";
			productName = "Space Invasion";
			productReference = BC917887200037FD000AF31C /* Space Invasion.app */;
			productType = "com.apple.product-type.application";
		};
/* End PBXNativeTarget section */

/* Begin PBXProject section */
		BC91787F200037FD000AF31C /* Project object */ = {
			isa = PBXProject;
			attributes = {
				LastSwiftUpdateCheck = 0900;
				LastUpgradeCheck = 1250;
				ORGANIZATIONNAME = "Intuitive Computers";
				TargetAttributes = {
					BC917886200037FD000AF31C = {
						CreatedOnToolsVersion = 9.0.1;
						LastSwiftMigration = 1130;
						ProvisioningStyle = Automatic;
						SystemCapabilities = {
							com.apple.InAppPurchase = {
								enabled = 0;
							};
						};
					};
				};
			};
			buildConfigurationList = BC917882200037FD000AF31C /* Build configuration list for PBXProject "Space Invasion" */;
			compatibilityVersion = "Xcode 12.0";
			developmentRegion = en;
			hasScannedForEncodings = 0;
			knownRegions = (
				en,
				Base,
			);
			mainGroup = BC91787E200037FD000AF31C;
			productRefGroup = BC917888200037FD000AF31C /* Products */;
			projectDirPath = "";
			projectRoot = "";
			targets = (
				BC917886200037FD000AF31C /* Space Invasion */,
			);
		};
/* End PBXProject section */

/* Begin PBXResourcesBuildPhase section */
		BC917885200037FD000AF31C /* Resources */ = {
			isa = PBXResourcesBuildPhase;
			buildActionMask = 2147483647;
			files = (
				BCA3D33E20E51B330058255E /* GoalsScene.sks in Resources */,
				E88B35F02974CA3000DE3A1D /* GameScene.sks in Resources */,
				BCF1400B2083F8AA0031D4F3 /* Starfield.sks in Resources */,
				BCF1400A2083F8AA0031D4F3 /* Explosion2.sks in Resources */,
				BCDE521220E7FB6E00397BCD /* Assets.xcassets in Resources */,
				BCDE521420E7FC5A00397BCD /* boldp.ttf in Resources */,
				BC917896200037FD000AF31C /* Main.storyboard in Resources */,
				BCC3ED9E241C073E00FC2558 /* GameOverScene.sks in Resources */,
				BC7BF00B20645F8100C1ECC2 /* DP_soundtrack.mp3 in Resources */,
				BC7BF00620644D8700C1ECC2 /* SetupScene.sks in Resources */,
				BC91789B200037FD000AF31C /* LaunchScreen.storyboard in Resources */,
				BC8615C2206C1EDD00537DA0 /* CreditsScene.sks in Resources */,
				BC8615BB206C1C5500537DA0 /* OptionsScene.sks in Resources */,
				BCA3D34120E6D36C0058255E /* MenuScene.sks in Resources */,
				BCC3ED96241558F300FC2558 /* Explosion1.sks in Resources */,
			);
			runOnlyForDeploymentPostprocessing = 0;
		};
/* End PBXResourcesBuildPhase section */

/* Begin PBXSourcesBuildPhase section */
		BC917883200037FD000AF31C /* Sources */ = {
			isa = PBXSourcesBuildPhase;
			buildActionMask = 2147483647;
			files = (
				BC7BF00820644DB200C1ECC2 /* SetupScene.swift in Sources */,
				BCF9F43C200D1D3400A9594E /* MenuScene.swift in Sources */,
				BCC3ED99241BC68F00FC2558 /* GameOverScene.swift in Sources */,
				E88B35F12974CA3000DE3A1D /* GameScene.swift in Sources */,
				BC917893200037FD000AF31C /* GameViewController.swift in Sources */,
				BCA3D33C20E51B190058255E /* GoalsScene.swift in Sources */,
				BC91788B200037FD000AF31C /* AppDelegate.swift in Sources */,
				BC8615C0206C1EA700537DA0 /* CreditsScene.swift in Sources */,
				BC8615BD206C1C7B00537DA0 /* OptionsScene.swift in Sources */,
			);
			runOnlyForDeploymentPostprocessing = 0;
		};
/* End PBXSourcesBuildPhase section */

/* Begin PBXVariantGroup section */
		BC917894200037FD000AF31C /* Main.storyboard */ = {
			isa = PBXVariantGroup;
			children = (
				BC917895200037FD000AF31C /* Base */,
			);
			name = Main.storyboard;
			sourceTree = "<group>";
		};
		BC917899200037FD000AF31C /* LaunchScreen.storyboard */ = {
			isa = PBXVariantGroup;
			children = (
				BC91789A200037FD000AF31C /* Base */,
			);
			name = LaunchScreen.storyboard;
			sourceTree = "<group>";
		};
/* End PBXVariantGroup section */

/* Begin XCBuildConfiguration section */
		BC91789D200037FD000AF31C /* Debug */ = {
			isa = XCBuildConfiguration;
			buildSettings = {
				ALWAYS_SEARCH_USER_PATHS = NO;
				CLANG_ANALYZER_NONNULL = YES;
				CLANG_ANALYZER_NUMBER_OBJECT_CONVERSION = YES_AGGRESSIVE;
				CLANG_CXX_LANGUAGE_STANDARD = "gnu++14";
				CLANG_CXX_LIBRARY = "libc++";
				CLANG_ENABLE_MODULES = YES;
				CLANG_ENABLE_OBJC_ARC = YES;
				CLANG_WARN_BLOCK_CAPTURE_AUTORELEASING = YES;
				CLANG_WARN_BOOL_CONVERSION = YES;
				CLANG_WARN_COMMA = YES;
				CLANG_WARN_CONSTANT_CONVERSION = YES;
				CLANG_WARN_DEPRECATED_OBJC_IMPLEMENTATIONS = YES;
				CLANG_WARN_DIRECT_OBJC_ISA_USAGE = YES_ERROR;
				CLANG_WARN_DOCUMENTATION_COMMENTS = YES;
				CLANG_WARN_EMPTY_BODY = YES;
				CLANG_WARN_ENUM_CONVERSION = YES;
				CLANG_WARN_INFINITE_RECURSION = YES;
				CLANG_WARN_INT_CONVERSION = YES;
				CLANG_WARN_NON_LITERAL_NULL_CONVERSION = YES;
				CLANG_WARN_OBJC_IMPLICIT_RETAIN_SELF = YES;
				CLANG_WARN_OBJC_LITERAL_CONVERSION = YES;
				CLANG_WARN_OBJC_ROOT_CLASS = YES_ERROR;
				CLANG_WARN_QUOTED_INCLUDE_IN_FRAMEWORK_HEADER = YES;
				CLANG_WARN_RANGE_LOOP_ANALYSIS = YES;
				CLANG_WARN_STRICT_PROTOTYPES = YES;
				CLANG_WARN_SUSPICIOUS_MOVE = YES;
				CLANG_WARN_UNGUARDED_AVAILABILITY = YES_AGGRESSIVE;
				CLANG_WARN_UNREACHABLE_CODE = YES;
				CLANG_WARN__DUPLICATE_METHOD_MATCH = YES;
				CODE_SIGN_IDENTITY = "iPhone Developer";
				COPY_PHASE_STRIP = NO;
				DEBUG_INFORMATION_FORMAT = dwarf;
				ENABLE_STRICT_OBJC_MSGSEND = YES;
				ENABLE_TESTABILITY = YES;
				GCC_C_LANGUAGE_STANDARD = gnu11;
				GCC_DYNAMIC_NO_PIC = NO;
				GCC_NO_COMMON_BLOCKS = YES;
				GCC_OPTIMIZATION_LEVEL = 0;
				GCC_PREPROCESSOR_DEFINITIONS = (
					"DEBUG=1",
					"$(inherited)",
				);
				GCC_WARN_64_TO_32_BIT_CONVERSION = YES;
				GCC_WARN_ABOUT_RETURN_TYPE = YES_ERROR;
				GCC_WARN_UNDECLARED_SELECTOR = YES;
				GCC_WARN_UNINITIALIZED_AUTOS = YES_AGGRESSIVE;
				GCC_WARN_UNUSED_FUNCTION = YES;
				GCC_WARN_UNUSED_VARIABLE = YES;
				IPHONEOS_DEPLOYMENT_TARGET = 12.0;
				MTL_ENABLE_DEBUG_INFO = YES;
				ONLY_ACTIVE_ARCH = YES;
				SDKROOT = iphoneos;
				SWIFT_ACTIVE_COMPILATION_CONDITIONS = DEBUG;
				SWIFT_OPTIMIZATION_LEVEL = "-Onone";
			};
			name = Debug;
		};
		BC91789E200037FD000AF31C /* Release */ = {
			isa = XCBuildConfiguration;
			buildSettings = {
				ALWAYS_SEARCH_USER_PATHS = NO;
				CLANG_ANALYZER_NONNULL = YES;
				CLANG_ANALYZER_NUMBER_OBJECT_CONVERSION = YES_AGGRESSIVE;
				CLANG_CXX_LANGUAGE_STANDARD = "gnu++14";
				CLANG_CXX_LIBRARY = "libc++";
				CLANG_ENABLE_MODULES = YES;
				CLANG_ENABLE_OBJC_ARC = YES;
				CLANG_WARN_BLOCK_CAPTURE_AUTORELEASING = YES;
				CLANG_WARN_BOOL_CONVERSION = YES;
				CLANG_WARN_COMMA = YES;
				CLANG_WARN_CONSTANT_CONVERSION = YES;
				CLANG_WARN_DEPRECATED_OBJC_IMPLEMENTATIONS = YES;
				CLANG_WARN_DIRECT_OBJC_ISA_USAGE = YES_ERROR;
				CLANG_WARN_DOCUMENTATION_COMMENTS = YES;
				CLANG_WARN_EMPTY_BODY = YES;
				CLANG_WARN_ENUM_CONVERSION = YES;
				CLANG_WARN_INFINITE_RECURSION = YES;
				CLANG_WARN_INT_CONVERSION = YES;
				CLANG_WARN_NON_LITERAL_NULL_CONVERSION = YES;
				CLANG_WARN_OBJC_IMPLICIT_RETAIN_SELF = YES;
				CLANG_WARN_OBJC_LITERAL_CONVERSION = YES;
				CLANG_WARN_OBJC_ROOT_CLASS = YES_ERROR;
				CLANG_WARN_QUOTED_INCLUDE_IN_FRAMEWORK_HEADER = YES;
				CLANG_WARN_RANGE_LOOP_ANALYSIS = YES;
				CLANG_WARN_STRICT_PROTOTYPES = YES;
				CLANG_WARN_SUSPICIOUS_MOVE = YES;
				CLANG_WARN_UNGUARDED_AVAILABILITY = YES_AGGRESSIVE;
				CLANG_WARN_UNREACHABLE_CODE = YES;
				CLANG_WARN__DUPLICATE_METHOD_MATCH = YES;
				CODE_SIGN_IDENTITY = "iPhone Developer";
				COPY_PHASE_STRIP = NO;
				DEBUG_INFORMATION_FORMAT = "dwarf-with-dsym";
				ENABLE_NS_ASSERTIONS = NO;
				ENABLE_STRICT_OBJC_MSGSEND = YES;
				GCC_C_LANGUAGE_STANDARD = gnu11;
				GCC_NO_COMMON_BLOCKS = YES;
				GCC_WARN_64_TO_32_BIT_CONVERSION = YES;
				GCC_WARN_ABOUT_RETURN_TYPE = YES_ERROR;
				GCC_WARN_UNDECLARED_SELECTOR = YES;
				GCC_WARN_UNINITIALIZED_AUTOS = YES_AGGRESSIVE;
				GCC_WARN_UNUSED_FUNCTION = YES;
				GCC_WARN_UNUSED_VARIABLE = YES;
				IPHONEOS_DEPLOYMENT_TARGET = 12.0;
				MTL_ENABLE_DEBUG_INFO = NO;
				SDKROOT = iphoneos;
				SWIFT_COMPILATION_MODE = wholemodule;
				SWIFT_OPTIMIZATION_LEVEL = "-O";
				VALIDATE_PRODUCT = YES;
			};
			name = Release;
		};
		BC9178A0200037FD000AF31C /* Debug */ = {
			isa = XCBuildConfiguration;
			buildSettings = {
				ASSETCATALOG_COMPILER_APPICON_NAME = AppIcon;
				CODE_SIGN_IDENTITY = "iPhone Developer";
				"CODE_SIGN_IDENTITY[sdk=iphoneos*]" = "iPhone Developer";
				CODE_SIGN_STYLE = Automatic;
				DEVELOPMENT_TEAM = GN373832EQ;
				INFOPLIST_FILE = "Space Invasion/Resources/Info.plist";
				IPHONEOS_DEPLOYMENT_TARGET = 14.5;
				LD_RUNPATH_SEARCH_PATHS = (
					"$(inherited)",
					"@executable_path/Frameworks",
				);
				PRODUCT_BUNDLE_IDENTIFIER = com.intuitive.spaceinvasion;
				PRODUCT_NAME = "$(TARGET_NAME)";
				PROVISIONING_PROFILE = "";
				PROVISIONING_PROFILE_SPECIFIER = "";
				SDKROOT = iphoneos;
				SWIFT_VERSION = 5.0;
				TARGETED_DEVICE_FAMILY = 1;
			};
			name = Debug;
		};
		BC9178A1200037FD000AF31C /* Release */ = {
			isa = XCBuildConfiguration;
			buildSettings = {
				ASSETCATALOG_COMPILER_APPICON_NAME = AppIcon;
				CODE_SIGN_IDENTITY = "iPhone Developer";
				"CODE_SIGN_IDENTITY[sdk=iphoneos*]" = "iPhone Developer";
				CODE_SIGN_STYLE = Automatic;
				DEVELOPMENT_TEAM = GN373832EQ;
				INFOPLIST_FILE = "Space Invasion/Resources/Info.plist";
				IPHONEOS_DEPLOYMENT_TARGET = 14.5;
				LD_RUNPATH_SEARCH_PATHS = (
					"$(inherited)",
					"@executable_path/Frameworks",
				);
				PRODUCT_BUNDLE_IDENTIFIER = com.intuitive.spaceinvasion;
				PRODUCT_NAME = "$(TARGET_NAME)";
				PROVISIONING_PROFILE_SPECIFIER = "";
				SDKROOT = iphoneos;
				SWIFT_VERSION = 5.0;
				TARGETED_DEVICE_FAMILY = 1;
			};
			name = Release;
		};
/* End XCBuildConfiguration section */

/* Begin XCConfigurationList section */
		BC917882200037FD000AF31C /* Build configuration list for PBXProject "Space Invasion" */ = {
			isa = XCConfigurationList;
			buildConfigurations = (
				BC91789D200037FD000AF31C /* Debug */,
				BC91789E200037FD000AF31C /* Release */,
			);
			defaultConfigurationIsVisible = 0;
			defaultConfigurationName = Release;
		};
		BC91789F200037FD000AF31C /* Build configuration list for PBXNativeTarget "Space Invasion" */ = {
			isa = XCConfigurationList;
			buildConfigurations = (
				BC9178A0200037FD000AF31C /* Debug */,
				BC9178A1200037FD000AF31C /* Release */,
			);
			defaultConfigurationIsVisible = 0;
			defaultConfigurationName = Release;
		};
/* End XCConfigurationList section */
	};
	rootObject = BC91787F200037FD000AF31C /* Project object */;
}
